
Microsoft Visual Studio Solution File, Format Version 12.00
# Visual Studio Version 17
VisualStudioVersion = 17.11.35312.102
MinimumVisualStudioVersion = 10.0.40219.1
Project("{9A19103F-16F7-4668-BE54-9A1E7A4F7556}") = "TicketMGT.Core.Api", "TicketMGT.Core.Api.csproj", "{1E289BCC-E93C-4E66-9BF2-86560AE8EBDC}"
EndProject
Project("{FAE04EC0-301F-11D3-BF4B-00C04F79EFBC}") = "TicketMGT.Core.Api.Tests.Unit", "..\TicketingMGT.Core.Api.Tests.Unit\TicketMGT.Core.Api.Tests.Unit.csproj", "{250BA9CA-67D6-407B-9D16-1F4CCF8A4D3F}"
EndProject
Global
	GlobalSection(SolutionConfigurationPlatforms) = preSolution
		Debug|Any CPU = Debug|Any CPU
		Release|Any CPU = Release|Any CPU
	EndGlobalSection
	GlobalSection(ProjectConfigurationPlatforms) = postSolution
		{1E289BCC-E93C-4E66-9BF2-86560AE8EBDC}.Debug|Any CPU.ActiveCfg = Debug|Any CPU
		{1E289BCC-E93C-4E66-9BF2-86560AE8EBDC}.Debug|Any CPU.Build.0 = Debug|Any CPU
		{1E289BCC-E93C-4E66-9BF2-86560AE8EBDC}.Release|Any CPU.ActiveCfg = Release|Any CPU
		{1E289BCC-E93C-4E66-9BF2-86560AE8EBDC}.Release|Any CPU.Build.0 = Release|Any CPU
		{250BA9CA-67D6-407B-9D16-1F4CCF8A4D3F}.Debug|Any CPU.ActiveCfg = Debug|Any CPU
		{250BA9CA-67D6-407B-9D16-1F4CCF8A4D3F}.Debug|Any CPU.Build.0 = Debug|Any CPU
		{250BA9CA-67D6-407B-9D16-1F4CCF8A4D3F}.Release|Any CPU.ActiveCfg = Release|Any CPU
		{250BA9CA-67D6-407B-9D16-1F4CCF8A4D3F}.Release|Any CPU.Build.0 = Release|Any CPU
	EndGlobalSection
	GlobalSection(SolutionProperties) = preSolution
		HideSolutionNode = FALSE
	EndGlobalSection
	GlobalSection(ExtensibilityGlobals) = postSolution
		SolutionGuid = {0A716E21-551C-4465-91B2-B27A7D3C6463}
	EndGlobalSection
EndGlobal
